// !$*UTF8*$!
{
	archiveVersion = 1;
	classes = {
	};
	objectVersion = 51;
	objects = {

/* Begin PBXBuildFile section */
		097114E6252AFC720081B847 /* ChatVC.swift in Sources */ = {isa = PBXBuildFile; fileRef = 097114E5252AFC720081B847 /* ChatVC.swift */; };
		097114E8252AFC930081B847 /* ChannelVC.swift in Sources */ = {isa = PBXBuildFile; fileRef = 097114E7252AFC930081B847 /* ChannelVC.swift */; };
		09BE58CA2527397400A9A6DD /* AppDelegate.swift in Sources */ = {isa = PBXBuildFile; fileRef = 09BE58C92527397400A9A6DD /* AppDelegate.swift */; };
		09BE58CC2527397400A9A6DD /* SceneDelegate.swift in Sources */ = {isa = PBXBuildFile; fileRef = 09BE58CB2527397400A9A6DD /* SceneDelegate.swift */; };
		09BE58D12527397400A9A6DD /* Main.storyboard in Resources */ = {isa = PBXBuildFile; fileRef = 09BE58CF2527397400A9A6DD /* Main.storyboard */; };
		09BE58D32527397400A9A6DD /* Assets.xcassets in Resources */ = {isa = PBXBuildFile; fileRef = 09BE58D22527397400A9A6DD /* Assets.xcassets */; };
		09BE58D62527397400A9A6DD /* LaunchScreen.storyboard in Resources */ = {isa = PBXBuildFile; fileRef = 09BE58D42527397400A9A6DD /* LaunchScreen.storyboard */; };
		09BE58E1252A383700A9A6DD /* SWRevealViewController.m in Sources */ = {isa = PBXBuildFile; fileRef = 09BE58DF252A383700A9A6DD /* SWRevealViewController.m */; };
		2CF93F65C3698947200B19D2 /* Pods_Slacky.framework in Frameworks */ = {isa = PBXBuildFile; fileRef = B0E892C3BF33B12860D755AB /* Pods_Slacky.framework */; };
/* End PBXBuildFile section */

/* Begin PBXFileReference section */
		097114E5252AFC720081B847 /* ChatVC.swift */ = {isa = PBXFileReference; lastKnownFileType = sourcecode.swift; path = ChatVC.swift; sourceTree = "<group>"; };
		097114E7252AFC930081B847 /* ChannelVC.swift */ = {isa = PBXFileReference; lastKnownFileType = sourcecode.swift; path = ChannelVC.swift; sourceTree = "<group>"; };
		09BE58C62527397400A9A6DD /* Slacky.app */ = {isa = PBXFileReference; explicitFileType = wrapper.application; includeInIndex = 0; path = Slacky.app; sourceTree = BUILT_PRODUCTS_DIR; };
		09BE58C92527397400A9A6DD /* AppDelegate.swift */ = {isa = PBXFileReference; lastKnownFileType = sourcecode.swift; path = AppDelegate.swift; sourceTree = "<group>"; };
		09BE58CB2527397400A9A6DD /* SceneDelegate.swift */ = {isa = PBXFileReference; lastKnownFileType = sourcecode.swift; path = SceneDelegate.swift; sourceTree = "<group>"; };
		09BE58D02527397400A9A6DD /* Base */ = {isa = PBXFileReference; lastKnownFileType = file.storyboard; name = Base; path = Base.lproj/Main.storyboard; sourceTree = "<group>"; };
		09BE58D22527397400A9A6DD /* Assets.xcassets */ = {isa = PBXFileReference; lastKnownFileType = folder.assetcatalog; path = Assets.xcassets; sourceTree = "<group>"; };
		09BE58D52527397400A9A6DD /* Base */ = {isa = PBXFileReference; lastKnownFileType = file.storyboard; name = Base; path = Base.lproj/LaunchScreen.storyboard; sourceTree = "<group>"; };
		09BE58D72527397400A9A6DD /* Info.plist */ = {isa = PBXFileReference; lastKnownFileType = text.plist.xml; path = Info.plist; sourceTree = "<group>"; };
		09BE58DE252A383700A9A6DD /* Slacky-Bridging-Header.h */ = {isa = PBXFileReference; lastKnownFileType = sourcecode.c.h; path = "Slacky-Bridging-Header.h"; sourceTree = "<group>"; };
		09BE58DF252A383700A9A6DD /* SWRevealViewController.m */ = {isa = PBXFileReference; fileEncoding = 4; lastKnownFileType = sourcecode.c.objc; path = SWRevealViewController.m; sourceTree = "<group>"; };
		09BE58E0252A383700A9A6DD /* SWRevealViewController.h */ = {isa = PBXFileReference; fileEncoding = 4; lastKnownFileType = sourcecode.c.h; path = SWRevealViewController.h; sourceTree = "<group>"; };
		4BDEB5596E8001E0474362DD /* Pods-Slacky.release.xcconfig */ = {isa = PBXFileReference; includeInIndex = 1; lastKnownFileType = text.xcconfig; name = "Pods-Slacky.release.xcconfig"; path = "Target Support Files/Pods-Slacky/Pods-Slacky.release.xcconfig"; sourceTree = "<group>"; };
		AC845B3E12477368F3B515B5 /* Pods-Slacky.debug.xcconfig */ = {isa = PBXFileReference; includeInIndex = 1; lastKnownFileType = text.xcconfig; name = "Pods-Slacky.debug.xcconfig"; path = "Target Support Files/Pods-Slacky/Pods-Slacky.debug.xcconfig"; sourceTree = "<group>"; };
		B0E892C3BF33B12860D755AB /* Pods_Slacky.framework */ = {isa = PBXFileReference; explicitFileType = wrapper.framework; includeInIndex = 0; path = Pods_Slacky.framework; sourceTree = BUILT_PRODUCTS_DIR; };
/* End PBXFileReference section */

/* Begin PBXFrameworksBuildPhase section */
		09BE58C32527397400A9A6DD /* Frameworks */ = {
			isa = PBXFrameworksBuildPhase;
			buildActionMask = 2147483647;
			files = (
				2CF93F65C3698947200B19D2 /* Pods_Slacky.framework in Frameworks */,
			);
			runOnlyForDeploymentPostprocessing = 0;
		};
/* End PBXFrameworksBuildPhase section */

/* Begin PBXGroup section */
		097114E2252AFC0E0081B847 /* Controller */ = {
			isa = PBXGroup;
			children = (
				097114E5252AFC720081B847 /* ChatVC.swift */,
				097114E7252AFC930081B847 /* ChannelVC.swift */,
			);
			path = Controller;
			sourceTree = "<group>";
		};
		097114E3252AFC1B0081B847 /* View */ = {
			isa = PBXGroup;
			children = (
			);
			path = View;
			sourceTree = "<group>";
		};
		097114E4252AFC240081B847 /* Model */ = {
			isa = PBXGroup;
			children = (
			);
			path = Model;
			sourceTree = "<group>";
		};
		09BE58BD2527397400A9A6DD = {
			isa = PBXGroup;
			children = (
				09BE58DD252A37CA00A9A6DD /* Supporting Files */,
				09BE58C82527397400A9A6DD /* Slacky */,
				09BE58C72527397400A9A6DD /* Products */,
				98597A5758333B2975637401 /* Pods */,
				F7EC2D8312409A739359973D /* Frameworks */,
			);
			sourceTree = "<group>";
		};
		09BE58C72527397400A9A6DD /* Products */ = {
			isa = PBXGroup;
			children = (
				09BE58C62527397400A9A6DD /* Slacky.app */,
			);
			name = Products;
			sourceTree = "<group>";
		};
		09BE58C82527397400A9A6DD /* Slacky */ = {
			isa = PBXGroup;
			children = (
				097114E4252AFC240081B847 /* Model */,
				097114E3252AFC1B0081B847 /* View */,
				097114E2252AFC0E0081B847 /* Controller */,
				09BE58C92527397400A9A6DD /* AppDelegate.swift */,
				09BE58CB2527397400A9A6DD /* SceneDelegate.swift */,
				09BE58CF2527397400A9A6DD /* Main.storyboard */,
				09BE58D22527397400A9A6DD /* Assets.xcassets */,
				09BE58D42527397400A9A6DD /* LaunchScreen.storyboard */,
				09BE58D72527397400A9A6DD /* Info.plist */,
			);
			path = Slacky;
			sourceTree = "<group>";
		};
		09BE58DD252A37CA00A9A6DD /* Supporting Files */ = {
			isa = PBXGroup;
			children = (
				09BE58E0252A383700A9A6DD /* SWRevealViewController.h */,
				09BE58DF252A383700A9A6DD /* SWRevealViewController.m */,
				09BE58DE252A383700A9A6DD /* Slacky-Bridging-Header.h */,
			);
			path = "Supporting Files";
			sourceTree = "<group>";
		};
		98597A5758333B2975637401 /* Pods */ = {
			isa = PBXGroup;
			children = (
				AC845B3E12477368F3B515B5 /* Pods-Slacky.debug.xcconfig */,
				4BDEB5596E8001E0474362DD /* Pods-Slacky.release.xcconfig */,
			);
			path = Pods;
			sourceTree = "<group>";
		};
		F7EC2D8312409A739359973D /* Frameworks */ = {
			isa = PBXGroup;
			children = (
				B0E892C3BF33B12860D755AB /* Pods_Slacky.framework */,
			);
			name = Frameworks;
			sourceTree = "<group>";
		};
/* End PBXGroup section */

/* Begin PBXNativeTarget section */
		09BE58C52527397400A9A6DD /* Slacky */ = {
			isa = PBXNativeTarget;
			buildConfigurationList = 09BE58DA2527397400A9A6DD /* Build configuration list for PBXNativeTarget "Slacky" */;
			buildPhases = (
				E35DCDD4C50F05040E09876C /* [CP] Check Pods Manifest.lock */,
				09BE58C22527397400A9A6DD /* Sources */,
				09BE58C32527397400A9A6DD /* Frameworks */,
				09BE58C42527397400A9A6DD /* Resources */,
				DBC39ACAE3DC7DFB907E026D /* [CP] Embed Pods Frameworks */,
			);
			buildRules = (
			);
			dependencies = (
			);
			name = Slacky;
			productName = Slacky;
			productReference = 09BE58C62527397400A9A6DD /* Slacky.app */;
			productType = "com.apple.product-type.application";
		};
/* End PBXNativeTarget section */

/* Begin PBXProject section */
		09BE58BE2527397400A9A6DD /* Project object */ = {
			isa = PBXProject;
			attributes = {
				LastSwiftUpdateCheck = 1170;
				LastUpgradeCheck = 1170;
				ORGANIZATIONNAME = "vagelis spirou";
				TargetAttributes = {
					09BE58C52527397400A9A6DD = {
						CreatedOnToolsVersion = 11.7;
						LastSwiftMigration = 1170;
					};
				};
			};
			buildConfigurationList = 09BE58C12527397400A9A6DD /* Build configuration list for PBXProject "Slacky" */;
			compatibilityVersion = "Xcode 9.3";
			developmentRegion = en;
			hasScannedForEncodings = 0;
			knownRegions = (
				en,
				Base,
			);
			mainGroup = 09BE58BD2527397400A9A6DD;
			productRefGroup = 09BE58C72527397400A9A6DD /* Products */;
			projectDirPath = "";
			projectRoot = "";
			targets = (
				09BE58C52527397400A9A6DD /* Slacky */,
			);
		};
/* End PBXProject section */

/* Begin PBXResourcesBuildPhase section */
		09BE58C42527397400A9A6DD /* Resources */ = {
			isa = PBXResourcesBuildPhase;
			buildActionMask = 2147483647;
			files = (
				09BE58D62527397400A9A6DD /* LaunchScreen.storyboard in Resources */,
				09BE58D32527397400A9A6DD /* Assets.xcassets in Resources */,
				09BE58D12527397400A9A6DD /* Main.storyboard in Resources */,
			);
			runOnlyForDeploymentPostprocessing = 0;
		};
/* End PBXResourcesBuildPhase section */

/* Begin PBXShellScriptBuildPhase section */
		DBC39ACAE3DC7DFB907E026D /* [CP] Embed Pods Frameworks */ = {
			isa = PBXShellScriptBuildPhase;
			buildActionMask = 2147483647;
			files = (
			);
			inputFileListPaths = (
				"${PODS_ROOT}/Target Support Files/Pods-Slacky/Pods-Slacky-frameworks-${CONFIGURATION}-input-files.xcfilelist",
			);
			name = "[CP] Embed Pods Frameworks";
			outputFileListPaths = (
				"${PODS_ROOT}/Target Support Files/Pods-Slacky/Pods-Slacky-frameworks-${CONFIGURATION}-output-files.xcfilelist",
			);
			runOnlyForDeploymentPostprocessing = 0;
			shellPath = /bin/sh;
			shellScript = "\"${PODS_ROOT}/Target Support Files/Pods-Slacky/Pods-Slacky-frameworks.sh\"\n";
			showEnvVarsInLog = 0;
		};
		E35DCDD4C50F05040E09876C /* [CP] Check Pods Manifest.lock */ = {
			isa = PBXShellScriptBuildPhase;
			buildActionMask = 2147483647;
			files = (
			);
			inputFileListPaths = (
			);
			inputPaths = (
				"${PODS_PODFILE_DIR_PATH}/Podfile.lock",
				"${PODS_ROOT}/Manifest.lock",
			);
			name = "[CP] Check Pods Manifest.lock";
			outputFileListPaths = (
			);
			outputPaths = (
				"$(DERIVED_FILE_DIR)/Pods-Slacky-checkManifestLockResult.txt",
			);
			runOnlyForDeploymentPostprocessing = 0;
			shellPath = /bin/sh;
			shellScript = "diff \"${PODS_PODFILE_DIR_PATH}/Podfile.lock\" \"${PODS_ROOT}/Manifest.lock\" > /dev/null\nif [ $? != 0 ] ; then\n    # print error to STDERR\n    echo \"error: The sandbox is not in sync with the Podfile.lock. Run 'pod install' or update your CocoaPods installation.\" >&2\n    exit 1\nfi\n# This output is used by Xcode 'outputs' to avoid re-running this script phase.\necho \"SUCCESS\" > \"${SCRIPT_OUTPUT_FILE_0}\"\n";
			showEnvVarsInLog = 0;
		};
/* End PBXShellScriptBuildPhase section */

/* Begin PBXSourcesBuildPhase section */
		09BE58C22527397400A9A6DD /* Sources */ = {
			isa = PBXSourcesBuildPhase;
			buildActionMask = 2147483647;
			files = (
				097114E6252AFC720081B847 /* ChatVC.swift in Sources */,
				09BE58CA2527397400A9A6DD /* AppDelegate.swift in Sources */,
				09BE58CC2527397400A9A6DD /* SceneDelegate.swift in Sources */,
				09BE58E1252A383700A9A6DD /* SWRevealViewController.m in Sources */,
				097114E8252AFC930081B847 /* ChannelVC.swift in Sources */,
			);
			runOnlyForDeploymentPostprocessing = 0;
		};
/* End PBXSourcesBuildPhase section */

/* Begin PBXVariantGroup section */
		09BE58CF2527397400A9A6DD /* Main.storyboard */ = {
			isa = PBXVariantGroup;
			children = (
				09BE58D02527397400A9A6DD /* Base */,
			);
			name = Main.storyboard;
			sourceTree = "<group>";
		};
		09BE58D42527397400A9A6DD /* LaunchScreen.storyboard */ = {
			isa = PBXVariantGroup;
			children = (
				09BE58D52527397400A9A6DD /* Base */,
			);
			name = LaunchScreen.storyboard;
			sourceTree = "<group>";
		};
/* End PBXVariantGroup section */

/* Begin XCBuildConfiguration section */
		09BE58D82527397400A9A6DD /* Debug */ = {
			isa = XCBuildConfiguration;
			buildSettings = {
				ALWAYS_SEARCH_USER_PATHS = NO;
				CLANG_ANALYZER_NONNULL = YES;
				CLANG_ANALYZER_NUMBER_OBJECT_CONVERSION = YES_AGGRESSIVE;
				CLANG_CXX_LANGUAGE_STANDARD = "gnu++14";
				CLANG_CXX_LIBRARY = "libc++";
				CLANG_ENABLE_MODULES = YES;
				CLANG_ENABLE_OBJC_ARC = YES;
				CLANG_ENABLE_OBJC_WEAK = YES;
				CLANG_WARN_BLOCK_CAPTURE_AUTORELEASING = YES;
				CLANG_WARN_BOOL_CONVERSION = YES;
				CLANG_WARN_COMMA = YES;
				CLANG_WARN_CONSTANT_CONVERSION = YES;
				CLANG_WARN_DEPRECATED_OBJC_IMPLEMENTATIONS = YES;
				CLANG_WARN_DIRECT_OBJC_ISA_USAGE = YES_ERROR;
				CLANG_WARN_DOCUMENTATION_COMMENTS = YES;
				CLANG_WARN_EMPTY_BODY = YES;
				CLANG_WARN_ENUM_CONVERSION = YES;
				CLANG_WARN_INFINITE_RECURSION = YES;
				CLANG_WARN_INT_CONVERSION = YES;
				CLANG_WARN_NON_LITERAL_NULL_CONVERSION = YES;
				CLANG_WARN_OBJC_IMPLICIT_RETAIN_SELF = YES;
				CLANG_WARN_OBJC_LITERAL_CONVERSION = YES;
				CLANG_WARN_OBJC_ROOT_CLASS = YES_ERROR;
				CLANG_WARN_RANGE_LOOP_ANALYSIS = YES;
				CLANG_WARN_STRICT_PROTOTYPES = YES;
				CLANG_WARN_SUSPICIOUS_MOVE = YES;
				CLANG_WARN_UNGUARDED_AVAILABILITY = YES_AGGRESSIVE;
				CLANG_WARN_UNREACHABLE_CODE = YES;
				CLANG_WARN__DUPLICATE_METHOD_MATCH = YES;
				COPY_PHASE_STRIP = NO;
				DEBUG_INFORMATION_FORMAT = dwarf;
				ENABLE_STRICT_OBJC_MSGSEND = YES;
				ENABLE_TESTABILITY = YES;
				GCC_C_LANGUAGE_STANDARD = gnu11;
				GCC_DYNAMIC_NO_PIC = NO;
				GCC_NO_COMMON_BLOCKS = YES;
				GCC_OPTIMIZATION_LEVEL = 0;
				GCC_PREPROCESSOR_DEFINITIONS = (
					"DEBUG=1",
					"$(inherited)",
				);
				GCC_WARN_64_TO_32_BIT_CONVERSION = YES;
				GCC_WARN_ABOUT_RETURN_TYPE = YES_ERROR;
				GCC_WARN_UNDECLARED_SELECTOR = YES;
				GCC_WARN_UNINITIALIZED_AUTOS = YES_AGGRESSIVE;
				GCC_WARN_UNUSED_FUNCTION = YES;
				GCC_WARN_UNUSED_VARIABLE = YES;
				IPHONEOS_DEPLOYMENT_TARGET = 13.7;
				MTL_ENABLE_DEBUG_INFO = INCLUDE_SOURCE;
				MTL_FAST_MATH = YES;
				ONLY_ACTIVE_ARCH = YES;
				SDKROOT = iphoneos;
				SWIFT_ACTIVE_COMPILATION_CONDITIONS = DEBUG;
				SWIFT_OPTIMIZATION_LEVEL = "-Onone";
			};
			name = Debug;
		};
		09BE58D92527397400A9A6DD /* Release */ = {
			isa = XCBuildConfiguration;
			buildSettings = {
				ALWAYS_SEARCH_USER_PATHS = NO;
				CLANG_ANALYZER_NONNULL = YES;
				CLANG_ANALYZER_NUMBER_OBJECT_CONVERSION = YES_AGGRESSIVE;
				CLANG_CXX_LANGUAGE_STANDARD = "gnu++14";
				CLANG_CXX_LIBRARY = "libc++";
				CLANG_ENABLE_MODULES = YES;
				CLANG_ENABLE_OBJC_ARC = YES;
				CLANG_ENABLE_OBJC_WEAK = YES;
				CLANG_WARN_BLOCK_CAPTURE_AUTORELEASING = YES;
				CLANG_WARN_BOOL_CONVERSION = YES;
				CLANG_WARN_COMMA = YES;
				CLANG_WARN_CONSTANT_CONVERSION = YES;
				CLANG_WARN_DEPRECATED_OBJC_IMPLEMENTATIONS = YES;
				CLANG_WARN_DIRECT_OBJC_ISA_USAGE = YES_ERROR;
				CLANG_WARN_DOCUMENTATION_COMMENTS = YES;
				CLANG_WARN_EMPTY_BODY = YES;
				CLANG_WARN_ENUM_CONVERSION = YES;
				CLANG_WARN_INFINITE_RECURSION = YES;
				CLANG_WARN_INT_CONVERSION = YES;
				CLANG_WARN_NON_LITERAL_NULL_CONVERSION = YES;
				CLANG_WARN_OBJC_IMPLICIT_RETAIN_SELF = YES;
				CLANG_WARN_OBJC_LITERAL_CONVERSION = YES;
				CLANG_WARN_OBJC_ROOT_CLASS = YES_ERROR;
				CLANG_WARN_RANGE_LOOP_ANALYSIS = YES;
				CLANG_WARN_STRICT_PROTOTYPES = YES;
				CLANG_WARN_SUSPICIOUS_MOVE = YES;
				CLANG_WARN_UNGUARDED_AVAILABILITY = YES_AGGRESSIVE;
				CLANG_WARN_UNREACHABLE_CODE = YES;
				CLANG_WARN__DUPLICATE_METHOD_MATCH = YES;
				COPY_PHASE_STRIP = NO;
				DEBUG_INFORMATION_FORMAT = "dwarf-with-dsym";
				ENABLE_NS_ASSERTIONS = NO;
				ENABLE_STRICT_OBJC_MSGSEND = YES;
				GCC_C_LANGUAGE_STANDARD = gnu11;
				GCC_NO_COMMON_BLOCKS = YES;
				GCC_WARN_64_TO_32_BIT_CONVERSION = YES;
				GCC_WARN_ABOUT_RETURN_TYPE = YES_ERROR;
				GCC_WARN_UNDECLARED_SELECTOR = YES;
				GCC_WARN_UNINITIALIZED_AUTOS = YES_AGGRESSIVE;
				GCC_WARN_UNUSED_FUNCTION = YES;
				GCC_WARN_UNUSED_VARIABLE = YES;
				IPHONEOS_DEPLOYMENT_TARGET = 13.7;
				MTL_ENABLE_DEBUG_INFO = NO;
				MTL_FAST_MATH = YES;
				SDKROOT = iphoneos;
				SWIFT_COMPILATION_MODE = wholemodule;
				SWIFT_OPTIMIZATION_LEVEL = "-O";
				VALIDATE_PRODUCT = YES;
			};
			name = Release;
		};
		09BE58DB2527397400A9A6DD /* Debug */ = {
			isa = XCBuildConfiguration;
			baseConfigurationReference = AC845B3E12477368F3B515B5 /* Pods-Slacky.debug.xcconfig */;
			buildSettings = {
				ASSETCATALOG_COMPILER_APPICON_NAME = AppIcon;
				CLANG_ENABLE_MODULES = YES;
				CODE_SIGN_STYLE = Automatic;
				DEVELOPMENT_TEAM = YUSLD5D7Z6;
				INFOPLIST_FILE = Slacky/Info.plist;
				LD_RUNPATH_SEARCH_PATHS = (
					"$(inherited)",
					"@executable_path/Frameworks",
				);
				PRODUCT_BUNDLE_IDENTIFIER = com.spvag.Slacky;
				PRODUCT_NAME = "$(TARGET_NAME)";
				SWIFT_OBJC_BRIDGING_HEADER = "Supporting Files/Slacky-Bridging-Header.h";
				SWIFT_OPTIMIZATION_LEVEL = "-Onone";
				SWIFT_VERSION = 5.0;
				TARGETED_DEVICE_FAMILY = "1,2";
			};
			name = Debug;
		};
		09BE58DC2527397400A9A6DD /* Release */ = {
			isa = XCBuildConfiguration;
			baseConfigurationReference = 4BDEB5596E8001E0474362DD /* Pods-Slacky.release.xcconfig */;
			buildSettings = {
				ASSETCATALOG_COMPILER_APPICON_NAME = AppIcon;
				CLANG_ENABLE_MODULES = YES;
				CODE_SIGN_STYLE = Automatic;
				DEVELOPMENT_TEAM = YUSLD5D7Z6;
				INFOPLIST_FILE = Slacky/Info.plist;
				LD_RUNPATH_SEARCH_PATHS = (
					"$(inherited)",
					"@executable_path/Frameworks",
				);
				PRODUCT_BUNDLE_IDENTIFIER = com.spvag.Slacky;
				PRODUCT_NAME = "$(TARGET_NAME)";
				SWIFT_OBJC_BRIDGING_HEADER = "Supporting Files/Slacky-Bridging-Header.h";
				SWIFT_VERSION = 5.0;
				TARGETED_DEVICE_FAMILY = "1,2";
			};
			name = Release;
		};
/* End XCBuildConfiguration section */

/* Begin XCConfigurationList section */
		09BE58C12527397400A9A6DD /* Build configuration list for PBXProject "Slacky" */ = {
			isa = XCConfigurationList;
			buildConfigurations = (
				09BE58D82527397400A9A6DD /* Debug */,
				09BE58D92527397400A9A6DD /* Release */,
			);
			defaultConfigurationIsVisible = 0;
			defaultConfigurationName = Release;
		};
		09BE58DA2527397400A9A6DD /* Build configuration list for PBXNativeTarget "Slacky" */ = {
			isa = XCConfigurationList;
			buildConfigurations = (
				09BE58DB2527397400A9A6DD /* Debug */,
				09BE58DC2527397400A9A6DD /* Release */,
			);
			defaultConfigurationIsVisible = 0;
			defaultConfigurationName = Release;
		};
/* End XCConfigurationList section */
	};
	rootObject = 09BE58BE2527397400A9A6DD /* Project object */;
}
